// !$*UTF8*$!
{
	archiveVersion = 1;
	classes = {
	};
	objectVersion = 46;
	objects = {

/* Begin PBXBuildFile section */
		4F180AC51CAFCB0600065022 /* BS.cpp in Sources */ = {isa = PBXBuildFile; fileRef = 4F180AC31CAFCB0600065022 /* BS.cpp */; settings = {ASSET_TAGS = (); }; };
		4F180AC71CAFDA3B00065022 /* BSB.cpp in Sources */ = {isa = PBXBuildFile; fileRef = 4F180AC61CAFDA3B00065022 /* BSB.cpp */; settings = {ASSET_TAGS = (); }; };
		4F180AC91CAFDC1E00065022 /* TrinomialTree.cpp in Sources */ = {isa = PBXBuildFile; fileRef = 4F180AC81CAFDC1E00065022 /* TrinomialTree.cpp */; settings = {ASSET_TAGS = (); }; };
		4F1C21F11CDA718C007249FE /* dualCurrencyNoteExample.cpp in Sources */ = {isa = PBXBuildFile; fileRef = 4F1C21EF1CDA718C007249FE /* dualCurrencyNoteExample.cpp */; settings = {ASSET_TAGS = (); }; };
		4F4103611D085BA6006096C1 /* optionsFiniteDiff.cpp in Sources */ = {isa = PBXBuildFile; fileRef = 4F41035F1D085BA6006096C1 /* optionsFiniteDiff.cpp */; settings = {ASSET_TAGS = (); }; };
		4F4103641D087A43006096C1 /* bsbFiniteDiff.cpp in Sources */ = {isa = PBXBuildFile; fileRef = 4F4103621D087A43006096C1 /* bsbFiniteDiff.cpp */; settings = {ASSET_TAGS = (); }; };
		4F6362751CB7CF9D009B6BA1 /* stochasticVolatilityExample.cpp in Sources */ = {isa = PBXBuildFile; fileRef = 4F6362731CB7CF9D009B6BA1 /* stochasticVolatilityExample.cpp */; settings = {ASSET_TAGS = (); }; };
		4F72DBEB1D0EF136008B6341 /* twoStateModelling.cpp in Sources */ = {isa = PBXBuildFile; fileRef = 4F72DBEA1D0EF136008B6341 /* twoStateModelling.cpp */; settings = {ASSET_TAGS = (); }; };
		4FD7229D1CB00B86009CCDCE /* callSpreadExample.cpp in Sources */ = {isa = PBXBuildFile; fileRef = 4FD7229B1CB00B86009CCDCE /* callSpreadExample.cpp */; settings = {ASSET_TAGS = (); }; };
		4FD722A01CB00CAC009CCDCE /* calendarSpreadExample.cpp in Sources */ = {isa = PBXBuildFile; fileRef = 4FD7229E1CB00CAC009CCDCE /* calendarSpreadExample.cpp */; settings = {ASSET_TAGS = (); }; };
		4FF65F3F1CAE636F00A6E230 /* main.cpp in Sources */ = {isa = PBXBuildFile; fileRef = 4FF65F3E1CAE636F00A6E230 /* main.cpp */; };
/* End PBXBuildFile section */

/* Begin PBXCopyFilesBuildPhase section */
		4FF65F391CAE636F00A6E230 /* CopyFiles */ = {
			isa = PBXCopyFilesBuildPhase;
			buildActionMask = 2147483647;
			dstPath = /usr/share/man/man1/;
			dstSubfolderSpec = 0;
			files = (
			);
			runOnlyForDeploymentPostprocessing = 1;
		};
/* End PBXCopyFilesBuildPhase section */

/* Begin PBXFileReference section */
		4F180AC31CAFCB0600065022 /* BS.cpp */ = {isa = PBXFileReference; fileEncoding = 4; lastKnownFileType = sourcecode.cpp.cpp; path = BS.cpp; sourceTree = "<group>"; };
		4F180AC41CAFCB0600065022 /* BS.hpp */ = {isa = PBXFileReference; fileEncoding = 4; lastKnownFileType = sourcecode.cpp.h; path = BS.hpp; sourceTree = "<group>"; };
		4F180AC61CAFDA3B00065022 /* BSB.cpp */ = {isa = PBXFileReference; fileEncoding = 4; lastKnownFileType = sourcecode.cpp.cpp; path = BSB.cpp; sourceTree = "<group>"; };
		4F180AC81CAFDC1E00065022 /* TrinomialTree.cpp */ = {isa = PBXFileReference; fileEncoding = 4; lastKnownFileType = sourcecode.cpp.cpp; path = TrinomialTree.cpp; sourceTree = "<group>"; };
		4F1C21EF1CDA718C007249FE /* dualCurrencyNoteExample.cpp */ = {isa = PBXFileReference; fileEncoding = 4; lastKnownFileType = sourcecode.cpp.cpp; path = dualCurrencyNoteExample.cpp; sourceTree = "<group>"; };
		4F1C21F01CDA718C007249FE /* dualCurrencyNoteExample.hpp */ = {isa = PBXFileReference; fileEncoding = 4; lastKnownFileType = sourcecode.cpp.h; path = dualCurrencyNoteExample.hpp; sourceTree = "<group>"; };
		4F41035F1D085BA6006096C1 /* optionsFiniteDiff.cpp */ = {isa = PBXFileReference; fileEncoding = 4; lastKnownFileType = sourcecode.cpp.cpp; path = optionsFiniteDiff.cpp; sourceTree = "<group>"; };
		4F4103601D085BA6006096C1 /* optionsFiniteDiff.hpp */ = {isa = PBXFileReference; fileEncoding = 4; lastKnownFileType = sourcecode.cpp.h; path = optionsFiniteDiff.hpp; sourceTree = "<group>"; };
		4F4103621D087A43006096C1 /* bsbFiniteDiff.cpp */ = {isa = PBXFileReference; fileEncoding = 4; lastKnownFileType = sourcecode.cpp.cpp; path = bsbFiniteDiff.cpp; sourceTree = "<group>"; };
		4F4103631D087A43006096C1 /* bsbFiniteDiff.hpp */ = {isa = PBXFileReference; fileEncoding = 4; lastKnownFileType = sourcecode.cpp.h; path = bsbFiniteDiff.hpp; sourceTree = "<group>"; };
		4F6362731CB7CF9D009B6BA1 /* stochasticVolatilityExample.cpp */ = {isa = PBXFileReference; fileEncoding = 4; lastKnownFileType = sourcecode.cpp.cpp; path = stochasticVolatilityExample.cpp; sourceTree = "<group>"; };
		4F6362741CB7CF9D009B6BA1 /* stochasticVolatilityExample.hpp */ = {isa = PBXFileReference; fileEncoding = 4; lastKnownFileType = sourcecode.cpp.h; path = stochasticVolatilityExample.hpp; sourceTree = "<group>"; };
		4F72DBEA1D0EF136008B6341 /* twoStateModelling.cpp */ = {isa = PBXFileReference; fileEncoding = 4; lastKnownFileType = sourcecode.cpp.cpp; path = twoStateModelling.cpp; sourceTree = "<group>"; };
		4F72DBEC1D0EF13F008B6341 /* twoStateModelling.hpp */ = {isa = PBXFileReference; fileEncoding = 4; lastKnownFileType = sourcecode.cpp.h; path = twoStateModelling.hpp; sourceTree = "<group>"; };
		4FD7229B1CB00B86009CCDCE /* callSpreadExample.cpp */ = {isa = PBXFileReference; fileEncoding = 4; lastKnownFileType = sourcecode.cpp.cpp; path = callSpreadExample.cpp; sourceTree = "<group>"; };
		4FD7229C1CB00B86009CCDCE /* callSpreadExample.hpp */ = {isa = PBXFileReference; fileEncoding = 4; lastKnownFileType = sourcecode.cpp.h; path = callSpreadExample.hpp; sourceTree = "<group>"; };
		4FD7229E1CB00CAC009CCDCE /* calendarSpreadExample.cpp */ = {isa = PBXFileReference; fileEncoding = 4; lastKnownFileType = sourcecode.cpp.cpp; path = calendarSpreadExample.cpp; sourceTree = "<group>"; };
		4FD7229F1CB00CAC009CCDCE /* calendarSpreadExample.hpp */ = {isa = PBXFileReference; fileEncoding = 4; lastKnownFileType = sourcecode.cpp.h; path = calendarSpreadExample.hpp; sourceTree = "<group>"; };
		4FF65F3B1CAE636F00A6E230 /* uncertainVolatilityModel */ = {isa = PBXFileReference; explicitFileType = "compiled.mach-o.executable"; includeInIndex = 0; path = uncertainVolatilityModel; sourceTree = BUILT_PRODUCTS_DIR; };
		4FF65F3E1CAE636F00A6E230 /* main.cpp */ = {isa = PBXFileReference; lastKnownFileType = sourcecode.cpp.cpp; path = main.cpp; sourceTree = "<group>"; };
		4FF65F461CAE718200A6E230 /* TrinomialTree.hpp */ = {isa = PBXFileReference; fileEncoding = 4; lastKnownFileType = sourcecode.cpp.h; path = TrinomialTree.hpp; sourceTree = "<group>"; };
		4FF65F4A1CAEA19200A6E230 /* BSB.hpp */ = {isa = PBXFileReference; fileEncoding = 4; lastKnownFileType = sourcecode.cpp.h; path = BSB.hpp; sourceTree = "<group>"; };
/* End PBXFileReference section */

/* Begin PBXFrameworksBuildPhase section */
		4FF65F381CAE636F00A6E230 /* Frameworks */ = {
			isa = PBXFrameworksBuildPhase;
			buildActionMask = 2147483647;
			files = (
			);
			runOnlyForDeploymentPostprocessing = 0;
		};
/* End PBXFrameworksBuildPhase section */

/* Begin PBXGroup section */
		4FF65F321CAE636F00A6E230 = {
			isa = PBXGroup;
			children = (
				4FF65F3D1CAE636F00A6E230 /* uncertainVolatilityModel */,
				4FF65F3C1CAE636F00A6E230 /* Products */,
			);
			sourceTree = "<group>";
		};
		4FF65F3C1CAE636F00A6E230 /* Products */ = {
			isa = PBXGroup;
			children = (
				4FF65F3B1CAE636F00A6E230 /* uncertainVolatilityModel */,
			);
			name = Products;
			sourceTree = "<group>";
		};
		4FF65F3D1CAE636F00A6E230 /* uncertainVolatilityModel */ = {
			isa = PBXGroup;
			children = (
				4FF65F3E1CAE636F00A6E230 /* main.cpp */,
				4F180AC81CAFDC1E00065022 /* TrinomialTree.cpp */,
				4FF65F461CAE718200A6E230 /* TrinomialTree.hpp */,
				4F180AC61CAFDA3B00065022 /* BSB.cpp */,
				4FF65F4A1CAEA19200A6E230 /* BSB.hpp */,
				4F180AC31CAFCB0600065022 /* BS.cpp */,
				4F180AC41CAFCB0600065022 /* BS.hpp */,
				4FD7229B1CB00B86009CCDCE /* callSpreadExample.cpp */,
				4FD7229C1CB00B86009CCDCE /* callSpreadExample.hpp */,
				4FD7229E1CB00CAC009CCDCE /* calendarSpreadExample.cpp */,
				4FD7229F1CB00CAC009CCDCE /* calendarSpreadExample.hpp */,
				4F6362731CB7CF9D009B6BA1 /* stochasticVolatilityExample.cpp */,
				4F6362741CB7CF9D009B6BA1 /* stochasticVolatilityExample.hpp */,
				4F1C21EF1CDA718C007249FE /* dualCurrencyNoteExample.cpp */,
				4F1C21F01CDA718C007249FE /* dualCurrencyNoteExample.hpp */,
				4F41035F1D085BA6006096C1 /* optionsFiniteDiff.cpp */,
				4F4103601D085BA6006096C1 /* optionsFiniteDiff.hpp */,
				4F4103621D087A43006096C1 /* bsbFiniteDiff.cpp */,
				4F4103631D087A43006096C1 /* bsbFiniteDiff.hpp */,
				4F72DBEA1D0EF136008B6341 /* twoStateModelling.cpp */,
				4F72DBEC1D0EF13F008B6341 /* twoStateModelling.hpp */,
			);
			path = uncertainVolatilityModel;
			sourceTree = "<group>";
		};
/* End PBXGroup section */

/* Begin PBXNativeTarget section */
		4FF65F3A1CAE636F00A6E230 /* uncertainVolatilityModel */ = {
			isa = PBXNativeTarget;
			buildConfigurationList = 4FF65F421CAE636F00A6E230 /* Build configuration list for PBXNativeTarget "uncertainVolatilityModel" */;
			buildPhases = (
				4FF65F371CAE636F00A6E230 /* Sources */,
				4FF65F381CAE636F00A6E230 /* Frameworks */,
				4FF65F391CAE636F00A6E230 /* CopyFiles */,
			);
			buildRules = (
			);
			dependencies = (
			);
			name = uncertainVolatilityModel;
			productName = uncertainVolatilityModel;
			productReference = 4FF65F3B1CAE636F00A6E230 /* uncertainVolatilityModel */;
			productType = "com.apple.product-type.tool";
		};
/* End PBXNativeTarget section */

/* Begin PBXProject section */
		4FF65F331CAE636F00A6E230 /* Project object */ = {
			isa = PBXProject;
			attributes = {
				LastUpgradeCheck = 0700;
				ORGANIZATIONNAME = "Nick Kostoulas";
				TargetAttributes = {
					4FF65F3A1CAE636F00A6E230 = {
						CreatedOnToolsVersion = 7.0.1;
					};
				};
			};
			buildConfigurationList = 4FF65F361CAE636F00A6E230 /* Build configuration list for PBXProject "uncertainVolatilityModel" */;
			compatibilityVersion = "Xcode 3.2";
			developmentRegion = English;
			hasScannedForEncodings = 0;
			knownRegions = (
				en,
			);
			mainGroup = 4FF65F321CAE636F00A6E230;
			productRefGroup = 4FF65F3C1CAE636F00A6E230 /* Products */;
			projectDirPath = "";
			projectRoot = "";
			targets = (
				4FF65F3A1CAE636F00A6E230 /* uncertainVolatilityModel */,
			);
		};
/* End PBXProject section */

/* Begin PBXSourcesBuildPhase section */
		4FF65F371CAE636F00A6E230 /* Sources */ = {
			isa = PBXSourcesBuildPhase;
			buildActionMask = 2147483647;
			files = (
				4F180AC71CAFDA3B00065022 /* BSB.cpp in Sources */,
				4F6362751CB7CF9D009B6BA1 /* stochasticVolatilityExample.cpp in Sources */,
				4FD722A01CB00CAC009CCDCE /* calendarSpreadExample.cpp in Sources */,
				4F72DBEB1D0EF136008B6341 /* twoStateModelling.cpp in Sources */,
				4F4103611D085BA6006096C1 /* optionsFiniteDiff.cpp in Sources */,
				4F180AC91CAFDC1E00065022 /* TrinomialTree.cpp in Sources */,
				4F180AC51CAFCB0600065022 /* BS.cpp in Sources */,
				4FF65F3F1CAE636F00A6E230 /* main.cpp in Sources */,
				4FD7229D1CB00B86009CCDCE /* callSpreadExample.cpp in Sources */,
				4F1C21F11CDA718C007249FE /* dualCurrencyNoteExample.cpp in Sources */,
				4F4103641D087A43006096C1 /* bsbFiniteDiff.cpp in Sources */,
			);
			runOnlyForDeploymentPostprocessing = 0;
		};
/* End PBXSourcesBuildPhase section */

/* Begin XCBuildConfiguration section */
		4FF65F401CAE636F00A6E230 /* Debug */ = {
			isa = XCBuildConfiguration;
			buildSettings = {
				ALWAYS_SEARCH_USER_PATHS = NO;
				CLANG_CXX_LANGUAGE_STANDARD = "gnu++0x";
				CLANG_CXX_LIBRARY = "libc++";
				CLANG_ENABLE_MODULES = YES;
				CLANG_ENABLE_OBJC_ARC = YES;
				CLANG_WARN_BOOL_CONVERSION = YES;
				CLANG_WARN_CONSTANT_CONVERSION = YES;
				CLANG_WARN_DIRECT_OBJC_ISA_USAGE = YES_ERROR;
				CLANG_WARN_EMPTY_BODY = YES;
				CLANG_WARN_ENUM_CONVERSION = YES;
				CLANG_WARN_INT_CONVERSION = YES;
				CLANG_WARN_OBJC_ROOT_CLASS = YES_ERROR;
				CLANG_WARN_UNREACHABLE_CODE = YES;
				CLANG_WARN__DUPLICATE_METHOD_MATCH = YES;
				COPY_PHASE_STRIP = NO;
				DEBUG_INFORMATION_FORMAT = dwarf;
				ENABLE_STRICT_OBJC_MSGSEND = YES;
				ENABLE_TESTABILITY = YES;
				GCC_C_LANGUAGE_STANDARD = gnu99;
				GCC_DYNAMIC_NO_PIC = NO;
				GCC_NO_COMMON_BLOCKS = YES;
				GCC_OPTIMIZATION_LEVEL = 0;
				GCC_PREPROCESSOR_DEFINITIONS = (
					"DEBUG=1",
					"$(inherited)",
				);
				GCC_WARN_64_TO_32_BIT_CONVERSION = YES;
				GCC_WARN_ABOUT_RETURN_TYPE = YES_ERROR;
				GCC_WARN_UNDECLARED_SELECTOR = YES;
				GCC_WARN_UNINITIALIZED_AUTOS = YES_AGGRESSIVE;
				GCC_WARN_UNUSED_FUNCTION = YES;
				GCC_WARN_UNUSED_VARIABLE = YES;
				MACOSX_DEPLOYMENT_TARGET = 10.11;
				MTL_ENABLE_DEBUG_INFO = YES;
				ONLY_ACTIVE_ARCH = YES;
				SDKROOT = macosx;
			};
			name = Debug;
		};
		4FF65F411CAE636F00A6E230 /* Release */ = {
			isa = XCBuildConfiguration;
			buildSettings = {
				ALWAYS_SEARCH_USER_PATHS = NO;
				CLANG_CXX_LANGUAGE_STANDARD = "gnu++0x";
				CLANG_CXX_LIBRARY = "libc++";
				CLANG_ENABLE_MODULES = YES;
				CLANG_ENABLE_OBJC_ARC = YES;
				CLANG_WARN_BOOL_CONVERSION = YES;
				CLANG_WARN_CONSTANT_CONVERSION = YES;
				CLANG_WARN_DIRECT_OBJC_ISA_USAGE = YES_ERROR;
				CLANG_WARN_EMPTY_BODY = YES;
				CLANG_WARN_ENUM_CONVERSION = YES;
				CLANG_WARN_INT_CONVERSION = YES;
				CLANG_WARN_OBJC_ROOT_CLASS = YES_ERROR;
				CLANG_WARN_UNREACHABLE_CODE = YES;
				CLANG_WARN__DUPLICATE_METHOD_MATCH = YES;
				COPY_PHASE_STRIP = NO;
				DEBUG_INFORMATION_FORMAT = "dwarf-with-dsym";
				ENABLE_NS_ASSERTIONS = NO;
				ENABLE_STRICT_OBJC_MSGSEND = YES;
				GCC_C_LANGUAGE_STANDARD = gnu99;
				GCC_NO_COMMON_BLOCKS = YES;
				GCC_WARN_64_TO_32_BIT_CONVERSION = YES;
				GCC_WARN_ABOUT_RETURN_TYPE = YES_ERROR;
				GCC_WARN_UNDECLARED_SELECTOR = YES;
				GCC_WARN_UNINITIALIZED_AUTOS = YES_AGGRESSIVE;
				GCC_WARN_UNUSED_FUNCTION = YES;
				GCC_WARN_UNUSED_VARIABLE = YES;
				MACOSX_DEPLOYMENT_TARGET = 10.11;
				MTL_ENABLE_DEBUG_INFO = NO;
				SDKROOT = macosx;
			};
			name = Release;
		};
		4FF65F431CAE636F00A6E230 /* Debug */ = {
			isa = XCBuildConfiguration;
			buildSettings = {
				PRODUCT_NAME = "$(TARGET_NAME)";
			};
			name = Debug;
		};
		4FF65F441CAE636F00A6E230 /* Release */ = {
			isa = XCBuildConfiguration;
			buildSettings = {
				PRODUCT_NAME = "$(TARGET_NAME)";
			};
			name = Release;
		};
/* End XCBuildConfiguration section */

/* Begin XCConfigurationList section */
		4FF65F361CAE636F00A6E230 /* Build configuration list for PBXProject "uncertainVolatilityModel" */ = {
			isa = XCConfigurationList;
			buildConfigurations = (
				4FF65F401CAE636F00A6E230 /* Debug */,
				4FF65F411CAE636F00A6E230 /* Release */,
			);
			defaultConfigurationIsVisible = 0;
			defaultConfigurationName = Release;
		};
		4FF65F421CAE636F00A6E230 /* Build configuration list for PBXNativeTarget "uncertainVolatilityModel" */ = {
			isa = XCConfigurationList;
			buildConfigurations = (
				4FF65F431CAE636F00A6E230 /* Debug */,
				4FF65F441CAE636F00A6E230 /* Release */,
			);
			defaultConfigurationIsVisible = 0;
			defaultConfigurationName = Release;
		};
/* End XCConfigurationList section */
	};
	rootObject = 4FF65F331CAE636F00A6E230 /* Project object */;
}
